
Microsoft Visual Studio Solution File, Format Version 12.00
# Visual Studio Version 16
VisualStudioVersion = 16.0.30523.141
MinimumVisualStudioVersion = 10.0.40219.1
Project("{FAE04EC0-301F-11D3-BF4B-00C04F79EFBC}") = "test", "test\test.csproj", "{543A3737-10F5-43B8-9890-5B5AE96FC531}"
EndProject
Global
	GlobalSection(SolutionConfigurationPlatforms) = preSolution
		Debug|Any CPU = Debug|Any CPU
		Release|Any CPU = Release|Any CPU
	EndGlobalSection
	GlobalSection(ProjectConfigurationPlatforms) = postSolution
		{543A3737-10F5-43B8-9890-5B5AE96FC531}.Debug|Any CPU.ActiveCfg = Debug|Any CPU
		{543A3737-10F5-43B8-9890-5B5AE96FC531}.Debug|Any CPU.Build.0 = Debug|Any CPU
		{543A3737-10F5-43B8-9890-5B5AE96FC531}.Release|Any CPU.ActiveCfg = Release|Any CPU
		{543A3737-10F5-43B8-9890-5B5AE96FC531}.Release|Any CPU.Build.0 = Release|Any CPU
	EndGlobalSection
	GlobalSection(SolutionProperties) = preSolution
		HideSolutionNode = FALSE
	EndGlobalSection
	GlobalSection(ExtensibilityGlobals) = postSolution
		SolutionGuid = {221891D8-77F9-463E-BC11-E247587FAE4D}
	EndGlobalSection
EndGlobal
